// !$*UTF8*$!
{
	archiveVersion = 1;
	classes = {
	};
	objectVersion = 56;
	objects = {

/* Begin PBXBuildFile section */
		DE05617824EDD2BB0058925E /* ComplexNumbers.swift in Sources */ = {isa = PBXBuildFile; fileRef = DE05617724EDD2BB0058925E /* ComplexNumbers.swift */; };
		DE05618224EDDB610058925E /* Julia_Set_RendererTests.swift in Sources */ = {isa = PBXBuildFile; fileRef = DE05618124EDDB610058925E /* Julia_Set_RendererTests.swift */; };
		DE14D83625E715E600E443DB /* NodeCompiler.swift in Sources */ = {isa = PBXBuildFile; fileRef = DE14D83525E715E600E443DB /* NodeCompiler.swift */; };
		DE167C44256B49CC009C37D8 /* SkyBoxSettings.swift in Sources */ = {isa = PBXBuildFile; fileRef = DE167C43256B49CC009C37D8 /* SkyBoxSettings.swift */; };
		DE167C48256B4A52009C37D8 /* LightPicker.swift in Sources */ = {isa = PBXBuildFile; fileRef = DE167C47256B4A52009C37D8 /* LightPicker.swift */; };
		DE1E40A724CB7FC5003B198F /* Keys.swift in Sources */ = {isa = PBXBuildFile; fileRef = DE1E40A624CB7FC5003B198F /* Keys.swift */; };
		DE263C7026277DA700CA346C /* RenderPassManager.swift in Sources */ = {isa = PBXBuildFile; fileRef = DE263C6F26277DA700CA346C /* RenderPassManager.swift */; };
		DE3922582644DEBF00D38B03 /* IterateNodeView.swift in Sources */ = {isa = PBXBuildFile; fileRef = DE3922572644DEBF00D38B03 /* IterateNodeView.swift */; };
		DE4523D22613917300125AE6 /* Document.swift in Sources */ = {isa = PBXBuildFile; fileRef = DE4523D12613917300125AE6 /* Document.swift */; };
		DE45D770256CB1AB0040FFA5 /* ColorPickerPro.swift in Sources */ = {isa = PBXBuildFile; fileRef = DE45D76F256CB1AB0040FFA5 /* ColorPickerPro.swift */; };
		DE528A582626761600F88EC3 /* Graphics.swift in Sources */ = {isa = PBXBuildFile; fileRef = DE528A572626761600F88EC3 /* Graphics.swift */; };
		DE56BE53258EE46B00F4007D /* Tuple3FloatInput.swift in Sources */ = {isa = PBXBuildFile; fileRef = DE56BE52258EE46B00F4007D /* Tuple3FloatInput.swift */; };
		DE5C04B525784DD700F5DDCD /* ShaderInfo.swift in Sources */ = {isa = PBXBuildFile; fileRef = DE5C04B425784DD700F5DDCD /* ShaderInfo.swift */; };
		DE5C04BD257877E100F5DDCD /* SwiftRayMarcher.swift in Sources */ = {isa = PBXBuildFile; fileRef = DE5C04BC257877E100F5DDCD /* SwiftRayMarcher.swift */; };
		DE5C743726387803002196CC /* box.mbulb in Resources */ = {isa = PBXBuildFile; fileRef = DE5C743626387803002196CC /* box.mbulb */; };
		DE627E84259290E600B2DA8F /* JuliaSetSettings.swift in Sources */ = {isa = PBXBuildFile; fileRef = DE627E83259290E600B2DA8F /* JuliaSetSettings.swift */; };
		DE62BD282579B66A00E67351 /* RayMarchingSettings.swift in Sources */ = {isa = PBXBuildFile; fileRef = DE62BD272579B66A00E67351 /* RayMarchingSettings.swift */; };
		DE62BD2E2579B68F00E67351 /* LightInfo.swift in Sources */ = {isa = PBXBuildFile; fileRef = DE62BD2D2579B68F00E67351 /* LightInfo.swift */; };
		DE62BD322579B6A900E67351 /* ChannelInfo.swift in Sources */ = {isa = PBXBuildFile; fileRef = DE62BD312579B6A900E67351 /* ChannelInfo.swift */; };
		DE62BD362579C26D00E67351 /* ChannelPicker.swift in Sources */ = {isa = PBXBuildFile; fileRef = DE62BD352579C26D00E67351 /* ChannelPicker.swift */; };
		DE62BD3A2579C3F300E67351 /* ChannelSettings.swift in Sources */ = {isa = PBXBuildFile; fileRef = DE62BD392579C3F300E67351 /* ChannelSettings.swift */; };
		DE68A69B259D6F0900D66457 /* ColorExtensions.swift in Sources */ = {isa = PBXBuildFile; fileRef = DE68A69A259D6F0900D66457 /* ColorExtensions.swift */; };
		DE68A69F259D7D2800D66457 /* NodeCanvas.swift in Sources */ = {isa = PBXBuildFile; fileRef = DE68A69E259D7D2800D66457 /* NodeCanvas.swift */; };
		DE68A6A3259D843A00D66457 /* NodeMenuItem.swift in Sources */ = {isa = PBXBuildFile; fileRef = DE68A6A2259D843A00D66457 /* NodeMenuItem.swift */; };
		DE778479261408C000DA1E5F /* Content.swift in Sources */ = {isa = PBXBuildFile; fileRef = DE778478261408C000DA1E5F /* Content.swift */; };
		DE8178E4262F753500999A56 /* FlowNodes.swift in Sources */ = {isa = PBXBuildFile; fileRef = DE8178E3262F753500999A56 /* FlowNodes.swift */; };
		DE8237D724AE2023000FA948 /* RenderView.swift in Sources */ = {isa = PBXBuildFile; fileRef = DE8237D624AE2023000FA948 /* RenderView.swift */; };
		DE8237D924AE20BF000FA948 /* Renderer.swift in Sources */ = {isa = PBXBuildFile; fileRef = DE8237D824AE20BF000FA948 /* Renderer.swift */; };
		DE8237DF24AE8234000FA948 /* Other.swift in Sources */ = {isa = PBXBuildFile; fileRef = DE8237DE24AE8234000FA948 /* Other.swift */; };
		DE85F097259CDDE300FF475F /* MaterialSettings.swift in Sources */ = {isa = PBXBuildFile; fileRef = DE85F096259CDDE300FF475F /* MaterialSettings.swift */; };
		DE85F09E259CDEB600FF475F /* NodeView.swift in Sources */ = {isa = PBXBuildFile; fileRef = DE85F09D259CDEB600FF475F /* NodeView.swift */; };
		DE85F0A7259CEA5600FF475F /* NodeValue.swift in Sources */ = {isa = PBXBuildFile; fileRef = DE85F0A6259CEA5600FF475F /* NodeValue.swift */; };
		DE85F0AD259CED8700FF475F /* Node.swift in Sources */ = {isa = PBXBuildFile; fileRef = DE85F0AC259CED8700FF475F /* Node.swift */; };
		DE8B5C4F25A022F40092BAC5 /* NodePathView.swift in Sources */ = {isa = PBXBuildFile; fileRef = DE8B5C4E25A022F40092BAC5 /* NodePathView.swift */; };
		DE8F06E624DB65E1004D2687 /* RenderBox.swift in Sources */ = {isa = PBXBuildFile; fileRef = DE8F06E524DB65E1004D2687 /* RenderBox.swift */; };
		DE8F06E824DB6E6E004D2687 /* CameraSettings.swift in Sources */ = {isa = PBXBuildFile; fileRef = DE8F06E724DB6E6E004D2687 /* CameraSettings.swift */; };
		DE91B8E02630C9990096A099 /* DESettings.swift in Sources */ = {isa = PBXBuildFile; fileRef = DE91B8DF2630C9990096A099 /* DESettings.swift */; };
		DE91B8E4263107DF0096A099 /* DENodes.swift in Sources */ = {isa = PBXBuildFile; fileRef = DE91B8E3263107DF0096A099 /* DENodes.swift */; };
		DE91B8F026310F7B0096A099 /* RayMarchInfo.txt in Resources */ = {isa = PBXBuildFile; fileRef = DE91B8EF26310F7B0096A099 /* RayMarchInfo.txt */; };
		DE91B8F42631133B0096A099 /* MainDE.txt in Resources */ = {isa = PBXBuildFile; fileRef = DE91B8F32631133B0096A099 /* MainDE.txt */; };
		DE942D2D25F968BA00CAF9CA /* Camera.swift in Sources */ = {isa = PBXBuildFile; fileRef = DE942D2C25F968BA00CAF9CA /* Camera.swift */; };
		DE9B7255266715BF00290677 /* SkyBoxLight.txt in Resources */ = {isa = PBXBuildFile; fileRef = DE9B7254266715BF00290677 /* SkyBoxLight.txt */; };
		DE9C2A5C25C3B22E00D932A6 /* VectorNodes.swift in Sources */ = {isa = PBXBuildFile; fileRef = DE9C2A5B25C3B22E00D932A6 /* VectorNodes.swift */; };
		DE9C2A6425C4B39300D932A6 /* TextureNodes.swift in Sources */ = {isa = PBXBuildFile; fileRef = DE9C2A6325C4B39300D932A6 /* TextureNodes.swift */; };
		DE9DDE72275E421000655258 /* NumberInput.swift in Sources */ = {isa = PBXBuildFile; fileRef = DE9DDE71275E421000655258 /* NumberInput.swift */; };
		DE9EF7FF259555BF007F2BA3 /* Voxel.swift in Sources */ = {isa = PBXBuildFile; fileRef = DE9EF7FE259555BF007F2BA3 /* Voxel.swift */; };
		DE9EF80725955614007F2BA3 /* VoxelContainer.swift in Sources */ = {isa = PBXBuildFile; fileRef = DE9EF80625955614007F2BA3 /* VoxelContainer.swift */; };
		DE9EF80D25955D93007F2BA3 /* ThreadInternal.swift in Sources */ = {isa = PBXBuildFile; fileRef = DE9EF80C25955D93007F2BA3 /* ThreadInternal.swift */; };
		DEA0347725C10D4200FA5B23 /* LibraryManager.swift in Sources */ = {isa = PBXBuildFile; fileRef = DEA0347625C10D4200FA5B23 /* LibraryManager.swift */; };
		DEA8931924AFBDE9008F5D78 /* sun.png in Resources */ = {isa = PBXBuildFile; fileRef = DEA8931824AFBDE9008F5D78 /* sun.png */; };
		DEAA8BC924FD12BE0080221B /* Thread.swift in Sources */ = {isa = PBXBuildFile; fileRef = DEAA8BC824FD12BE0080221B /* Thread.swift */; };
		DEABF34725717E440036EB73 /* MandelbulbSettings.swift in Sources */ = {isa = PBXBuildFile; fileRef = DEABF34625717E440036EB73 /* MandelbulbSettings.swift */; };
		DEB9703725B4EC2E00386EEA /* NodeContainer.swift in Sources */ = {isa = PBXBuildFile; fileRef = DEB9703625B4EC2E00386EEA /* NodeContainer.swift */; };
		DEBE4E0F254235CE0060FED0 /* BufferTests.swift in Sources */ = {isa = PBXBuildFile; fileRef = DEBE4E0E254235CE0060FED0 /* BufferTests.swift */; };
		DEC2BD5024B2733200BFE671 /* matrixTransformations.swift in Sources */ = {isa = PBXBuildFile; fileRef = DEC2BD4F24B2733200BFE671 /* matrixTransformations.swift */; };
		DEC450412659D46200F76B80 /* SideBarViews.swift in Sources */ = {isa = PBXBuildFile; fileRef = DEC450402659D46200F76B80 /* SideBarViews.swift */; };
		DEC8CDDA24ADFC9A00DB5701 /* AppDelegate.swift in Sources */ = {isa = PBXBuildFile; fileRef = DEC8CDD924ADFC9A00DB5701 /* AppDelegate.swift */; };
		DEC8CDDC24ADFC9A00DB5701 /* ContentView.swift in Sources */ = {isa = PBXBuildFile; fileRef = DEC8CDDB24ADFC9A00DB5701 /* ContentView.swift */; };
		DEC8CDDF24ADFC9A00DB5701 /* Julia_Set_Renderer.xcdatamodeld in Sources */ = {isa = PBXBuildFile; fileRef = DEC8CDDD24ADFC9A00DB5701 /* Julia_Set_Renderer.xcdatamodeld */; };
		DEC8CDE124ADFC9E00DB5701 /* Assets.xcassets in Resources */ = {isa = PBXBuildFile; fileRef = DEC8CDE024ADFC9E00DB5701 /* Assets.xcassets */; };
		DEC8CDE424ADFC9E00DB5701 /* Preview Assets.xcassets in Resources */ = {isa = PBXBuildFile; fileRef = DEC8CDE324ADFC9E00DB5701 /* Preview Assets.xcassets */; };
		DEC8CDE724ADFC9E00DB5701 /* Main.storyboard in Resources */ = {isa = PBXBuildFile; fileRef = DEC8CDE524ADFC9E00DB5701 /* Main.storyboard */; };
		DEC8CDFD24AE1B8600DB5701 /* RenderWindowController.swift in Sources */ = {isa = PBXBuildFile; fileRef = DEC8CDFB24AE1B8600DB5701 /* RenderWindowController.swift */; };
		DEC8CDFE24AE1B8600DB5701 /* RenderWindowController.xib in Resources */ = {isa = PBXBuildFile; fileRef = DEC8CDFC24AE1B8600DB5701 /* RenderWindowController.xib */; };
		DEC9120A259E2C74002158C9 /* NodeEditor.swift in Sources */ = {isa = PBXBuildFile; fileRef = DEC91209259E2C74002158C9 /* NodeEditor.swift */; };
		DEC91210259E47D5002158C9 /* IONodes.swift in Sources */ = {isa = PBXBuildFile; fileRef = DEC9120F259E47D5002158C9 /* IONodes.swift */; };
		DEC91214259E4871002158C9 /* MathNodes.swift in Sources */ = {isa = PBXBuildFile; fileRef = DEC91213259E4871002158C9 /* MathNodes.swift */; };
		DEC9F58428D1E6D7009D7A40 /* city.png in Resources */ = {isa = PBXBuildFile; fileRef = DEC9F58328D1E6D7009D7A40 /* city.png */; };
		DEC9F58628D1E6EE009D7A40 /* starship.png in Resources */ = {isa = PBXBuildFile; fileRef = DEC9F58528D1E6EE009D7A40 /* starship.png */; };
		DEC9F58828D1E70F009D7A40 /* underwater.png in Resources */ = {isa = PBXBuildFile; fileRef = DEC9F58728D1E70F009D7A40 /* underwater.png */; };
		DED8F75D25C5F8B400ABFBCC /* ColorInput.swift in Sources */ = {isa = PBXBuildFile; fileRef = DED8F75C25C5F8B400ABFBCC /* ColorInput.swift */; };
		DED8F76125C631C900ABFBCC /* ColorNodes.swift in Sources */ = {isa = PBXBuildFile; fileRef = DED8F76025C631C900ABFBCC /* ColorNodes.swift */; };
		DED9952B29D66DDC008A13C3 /* tree.jpg in Resources */ = {isa = PBXBuildFile; fileRef = DED9952A29D66DDC008A13C3 /* tree.jpg */; };
		DEEA5AAA27404FF0001BD052 /* NodeSource.swift in Sources */ = {isa = PBXBuildFile; fileRef = DEEA5AA927404FF0001BD052 /* NodeSource.swift */; };
		DEEC532F2626127B001F7A76 /* ViewState.swift in Sources */ = {isa = PBXBuildFile; fileRef = DEEC532E2626127B001F7A76 /* ViewState.swift */; };
		DEF0B2D325A007A9002BB7A1 /* NodePath.swift in Sources */ = {isa = PBXBuildFile; fileRef = DEF0B2D225A007A9002BB7A1 /* NodePath.swift */; };
		DEF9C68724EF1CFC00189F36 /* PatternSettings.swift in Sources */ = {isa = PBXBuildFile; fileRef = DEF9C68624EF1CFC00189F36 /* PatternSettings.swift */; };
		DEF9F0AF25FA94C600D89043 /* Ray.txt in Resources */ = {isa = PBXBuildFile; fileRef = DE942D5D25F9874000CAF9CA /* Ray.txt */; };
		DEF9F0B025FA94C600D89043 /* Channels.txt in Resources */ = {isa = PBXBuildFile; fileRef = DEF9F04425F98BA600D89043 /* Channels.txt */; };
		DEF9F0B125FA94C600D89043 /* Camera.txt in Resources */ = {isa = PBXBuildFile; fileRef = DEF9F05025F9952E00D89043 /* Camera.txt */; };
		DEF9F0B225FA94C600D89043 /* Material.txt in Resources */ = {isa = PBXBuildFile; fileRef = DEF9F05625F9BCC100D89043 /* Material.txt */; };
		DEF9F0B325FA94C600D89043 /* Settings.txt in Resources */ = {isa = PBXBuildFile; fileRef = DEF9F05A25F9BD9700D89043 /* Settings.txt */; };
		DEF9F0B425FA94C600D89043 /* ResultInfo.txt in Resources */ = {isa = PBXBuildFile; fileRef = DEF9F07125F9BFE000D89043 /* ResultInfo.txt */; };
		DEF9F0B525FA94C600D89043 /* Voxel.txt in Resources */ = {isa = PBXBuildFile; fileRef = DEF9F07B25F9C14700D89043 /* Voxel.txt */; };
		DEF9F0B625FA94C600D89043 /* Math.txt in Resources */ = {isa = PBXBuildFile; fileRef = DEF9F04A25F98C9600D89043 /* Math.txt */; };
		DEF9F0B725FA94C600D89043 /* NodeFunctions.txt in Resources */ = {isa = PBXBuildFile; fileRef = DEF9F06125F9BEAF00D89043 /* NodeFunctions.txt */; };
		DEF9F0B825FA94C600D89043 /* DE.txt in Resources */ = {isa = PBXBuildFile; fileRef = DEF9F07725F9C06F00D89043 /* DE.txt */; };
		DEF9F0B925FA94C600D89043 /* VoxelMath.txt in Resources */ = {isa = PBXBuildFile; fileRef = DEF9F07F25F9C20B00D89043 /* VoxelMath.txt */; };
		DEF9F0BA25FA94C600D89043 /* RayMarcher.txt in Resources */ = {isa = PBXBuildFile; fileRef = DEF9F08725F9C2D800D89043 /* RayMarcher.txt */; };
		DEF9F0BB25FA94C600D89043 /* Shaders.txt in Resources */ = {isa = PBXBuildFile; fileRef = DEF9F08D25FA928D00D89043 /* Shaders.txt */; };
/* End PBXBuildFile section */

/* Begin PBXContainerItemProxy section */
		DE05618424EDDB610058925E /* PBXContainerItemProxy */ = {
			isa = PBXContainerItemProxy;
			containerPortal = DEC8CDCE24ADFC9900DB5701 /* Project object */;
			proxyType = 1;
			remoteGlobalIDString = DEC8CDD524ADFC9A00DB5701;
			remoteInfo = "Julia Set Renderer";
		};
/* End PBXContainerItemProxy section */

/* Begin PBXFileReference section */
		DE05617724EDD2BB0058925E /* ComplexNumbers.swift */ = {isa = PBXFileReference; lastKnownFileType = sourcecode.swift; path = ComplexNumbers.swift; sourceTree = "<group>"; };
		DE05617F24EDDB610058925E /* Julia Set RendererTests.xctest */ = {isa = PBXFileReference; explicitFileType = wrapper.cfbundle; includeInIndex = 0; path = "Julia Set RendererTests.xctest"; sourceTree = BUILT_PRODUCTS_DIR; };
		DE05618124EDDB610058925E /* Julia_Set_RendererTests.swift */ = {isa = PBXFileReference; lastKnownFileType = sourcecode.swift; path = Julia_Set_RendererTests.swift; sourceTree = "<group>"; };
		DE05618324EDDB610058925E /* Info.plist */ = {isa = PBXFileReference; lastKnownFileType = text.plist.xml; path = Info.plist; sourceTree = "<group>"; };
		DE14D83525E715E600E443DB /* NodeCompiler.swift */ = {isa = PBXFileReference; lastKnownFileType = sourcecode.swift; path = NodeCompiler.swift; sourceTree = "<group>"; };
		DE167C43256B49CC009C37D8 /* SkyBoxSettings.swift */ = {isa = PBXFileReference; lastKnownFileType = sourcecode.swift; path = SkyBoxSettings.swift; sourceTree = "<group>"; };
		DE167C47256B4A52009C37D8 /* LightPicker.swift */ = {isa = PBXFileReference; lastKnownFileType = sourcecode.swift; path = LightPicker.swift; sourceTree = "<group>"; };
		DE1E40A624CB7FC5003B198F /* Keys.swift */ = {isa = PBXFileReference; lastKnownFileType = sourcecode.swift; path = Keys.swift; sourceTree = "<group>"; };
		DE263C6F26277DA700CA346C /* RenderPassManager.swift */ = {isa = PBXFileReference; lastKnownFileType = sourcecode.swift; path = RenderPassManager.swift; sourceTree = "<group>"; };
		DE3922572644DEBF00D38B03 /* IterateNodeView.swift */ = {isa = PBXFileReference; lastKnownFileType = sourcecode.swift; path = IterateNodeView.swift; sourceTree = "<group>"; };
		DE4523D12613917300125AE6 /* Document.swift */ = {isa = PBXFileReference; lastKnownFileType = sourcecode.swift; path = Document.swift; sourceTree = "<group>"; };
		DE45D76F256CB1AB0040FFA5 /* ColorPickerPro.swift */ = {isa = PBXFileReference; lastKnownFileType = sourcecode.swift; path = ColorPickerPro.swift; sourceTree = "<group>"; };
		DE528A572626761600F88EC3 /* Graphics.swift */ = {isa = PBXFileReference; lastKnownFileType = sourcecode.swift; path = Graphics.swift; sourceTree = "<group>"; };
		DE56BE52258EE46B00F4007D /* Tuple3FloatInput.swift */ = {isa = PBXFileReference; lastKnownFileType = sourcecode.swift; path = Tuple3FloatInput.swift; sourceTree = "<group>"; };
		DE5C04B425784DD700F5DDCD /* ShaderInfo.swift */ = {isa = PBXFileReference; lastKnownFileType = sourcecode.swift; path = ShaderInfo.swift; sourceTree = "<group>"; };
		DE5C04BC257877E100F5DDCD /* SwiftRayMarcher.swift */ = {isa = PBXFileReference; lastKnownFileType = sourcecode.swift; path = SwiftRayMarcher.swift; sourceTree = "<group>"; };
		DE5C743626387803002196CC /* box.mbulb */ = {isa = PBXFileReference; fileEncoding = 4; lastKnownFileType = text; path = box.mbulb; sourceTree = "<group>"; };
		DE627E83259290E600B2DA8F /* JuliaSetSettings.swift */ = {isa = PBXFileReference; lastKnownFileType = sourcecode.swift; path = JuliaSetSettings.swift; sourceTree = "<group>"; };
		DE62BD272579B66A00E67351 /* RayMarchingSettings.swift */ = {isa = PBXFileReference; lastKnownFileType = sourcecode.swift; path = RayMarchingSettings.swift; sourceTree = "<group>"; };
		DE62BD2D2579B68F00E67351 /* LightInfo.swift */ = {isa = PBXFileReference; lastKnownFileType = sourcecode.swift; path = LightInfo.swift; sourceTree = "<group>"; };
		DE62BD312579B6A900E67351 /* ChannelInfo.swift */ = {isa = PBXFileReference; lastKnownFileType = sourcecode.swift; path = ChannelInfo.swift; sourceTree = "<group>"; };
		DE62BD352579C26D00E67351 /* ChannelPicker.swift */ = {isa = PBXFileReference; lastKnownFileType = sourcecode.swift; path = ChannelPicker.swift; sourceTree = "<group>"; };
		DE62BD392579C3F300E67351 /* ChannelSettings.swift */ = {isa = PBXFileReference; lastKnownFileType = sourcecode.swift; path = ChannelSettings.swift; sourceTree = "<group>"; };
		DE68A69A259D6F0900D66457 /* ColorExtensions.swift */ = {isa = PBXFileReference; lastKnownFileType = sourcecode.swift; path = ColorExtensions.swift; sourceTree = "<group>"; };
		DE68A69E259D7D2800D66457 /* NodeCanvas.swift */ = {isa = PBXFileReference; lastKnownFileType = sourcecode.swift; path = NodeCanvas.swift; sourceTree = "<group>"; };
		DE68A6A2259D843A00D66457 /* NodeMenuItem.swift */ = {isa = PBXFileReference; lastKnownFileType = sourcecode.swift; path = NodeMenuItem.swift; sourceTree = "<group>"; };
		DE778478261408C000DA1E5F /* Content.swift */ = {isa = PBXFileReference; lastKnownFileType = sourcecode.swift; path = Content.swift; sourceTree = "<group>"; };
		DE8178E3262F753500999A56 /* FlowNodes.swift */ = {isa = PBXFileReference; lastKnownFileType = sourcecode.swift; path = FlowNodes.swift; sourceTree = "<group>"; };
		DE8237D624AE2023000FA948 /* RenderView.swift */ = {isa = PBXFileReference; lastKnownFileType = sourcecode.swift; path = RenderView.swift; sourceTree = "<group>"; };
		DE8237D824AE20BF000FA948 /* Renderer.swift */ = {isa = PBXFileReference; lastKnownFileType = sourcecode.swift; path = Renderer.swift; sourceTree = "<group>"; };
		DE8237DC24AE221B000FA948 /* OldShaders.txt */ = {isa = PBXFileReference; explicitFileType = sourcecode.metal; path = OldShaders.txt; sourceTree = "<group>"; };
		DE8237DE24AE8234000FA948 /* Other.swift */ = {isa = PBXFileReference; fileEncoding = 4; lastKnownFileType = sourcecode.swift; path = Other.swift; sourceTree = "<group>"; };
		DE85F096259CDDE300FF475F /* MaterialSettings.swift */ = {isa = PBXFileReference; lastKnownFileType = sourcecode.swift; path = MaterialSettings.swift; sourceTree = "<group>"; };
		DE85F09D259CDEB600FF475F /* NodeView.swift */ = {isa = PBXFileReference; lastKnownFileType = sourcecode.swift; path = NodeView.swift; sourceTree = "<group>"; };
		DE85F0A6259CEA5600FF475F /* NodeValue.swift */ = {isa = PBXFileReference; lastKnownFileType = sourcecode.swift; path = NodeValue.swift; sourceTree = "<group>"; };
		DE85F0AC259CED8700FF475F /* Node.swift */ = {isa = PBXFileReference; lastKnownFileType = sourcecode.swift; path = Node.swift; sourceTree = "<group>"; };
		DE8B5C4E25A022F40092BAC5 /* NodePathView.swift */ = {isa = PBXFileReference; lastKnownFileType = sourcecode.swift; path = NodePathView.swift; sourceTree = "<group>"; };
		DE8F06E524DB65E1004D2687 /* RenderBox.swift */ = {isa = PBXFileReference; lastKnownFileType = sourcecode.swift; path = RenderBox.swift; sourceTree = "<group>"; };
		DE8F06E724DB6E6E004D2687 /* CameraSettings.swift */ = {isa = PBXFileReference; lastKnownFileType = sourcecode.swift; path = CameraSettings.swift; sourceTree = "<group>"; };
		DE91B8DF2630C9990096A099 /* DESettings.swift */ = {isa = PBXFileReference; lastKnownFileType = sourcecode.swift; path = DESettings.swift; sourceTree = "<group>"; };
		DE91B8E3263107DF0096A099 /* DENodes.swift */ = {isa = PBXFileReference; lastKnownFileType = sourcecode.swift; path = DENodes.swift; sourceTree = "<group>"; };
		DE91B8EF26310F7B0096A099 /* RayMarchInfo.txt */ = {isa = PBXFileReference; lastKnownFileType = text; path = RayMarchInfo.txt; sourceTree = "<group>"; };
		DE91B8F32631133B0096A099 /* MainDE.txt */ = {isa = PBXFileReference; lastKnownFileType = text; path = MainDE.txt; sourceTree = "<group>"; };
		DE942D2C25F968BA00CAF9CA /* Camera.swift */ = {isa = PBXFileReference; lastKnownFileType = sourcecode.swift; path = Camera.swift; sourceTree = "<group>"; };
		DE942D5D25F9874000CAF9CA /* Ray.txt */ = {isa = PBXFileReference; explicitFileType = text; path = Ray.txt; sourceTree = "<group>"; };
		DE9B7254266715BF00290677 /* SkyBoxLight.txt */ = {isa = PBXFileReference; lastKnownFileType = text; path = SkyBoxLight.txt; sourceTree = "<group>"; };
		DE9C2A5B25C3B22E00D932A6 /* VectorNodes.swift */ = {isa = PBXFileReference; lastKnownFileType = sourcecode.swift; path = VectorNodes.swift; sourceTree = "<group>"; };
		DE9C2A6325C4B39300D932A6 /* TextureNodes.swift */ = {isa = PBXFileReference; lastKnownFileType = sourcecode.swift; path = TextureNodes.swift; sourceTree = "<group>"; };
		DE9DDE71275E421000655258 /* NumberInput.swift */ = {isa = PBXFileReference; lastKnownFileType = sourcecode.swift; name = NumberInput.swift; path = "Julia Set Renderer/UI/NumberInput.swift"; sourceTree = SOURCE_ROOT; };
		DE9EF7FE259555BF007F2BA3 /* Voxel.swift */ = {isa = PBXFileReference; lastKnownFileType = sourcecode.swift; path = Voxel.swift; sourceTree = "<group>"; };
		DE9EF80625955614007F2BA3 /* VoxelContainer.swift */ = {isa = PBXFileReference; lastKnownFileType = sourcecode.swift; path = VoxelContainer.swift; sourceTree = "<group>"; };
		DE9EF80C25955D93007F2BA3 /* ThreadInternal.swift */ = {isa = PBXFileReference; lastKnownFileType = sourcecode.swift; path = ThreadInternal.swift; sourceTree = "<group>"; };
		DEA0347625C10D4200FA5B23 /* LibraryManager.swift */ = {isa = PBXFileReference; lastKnownFileType = sourcecode.swift; path = LibraryManager.swift; sourceTree = "<group>"; };
		DEA8931824AFBDE9008F5D78 /* sun.png */ = {isa = PBXFileReference; lastKnownFileType = image.png; path = sun.png; sourceTree = "<group>"; };
		DEA8931A24B20EB3008F5D78 /* Rendering.txt */ = {isa = PBXFileReference; explicitFileType = sourcecode.metal; path = Rendering.txt; sourceTree = "<group>"; };
		DEAA8BC824FD12BE0080221B /* Thread.swift */ = {isa = PBXFileReference; lastKnownFileType = sourcecode.swift; path = Thread.swift; sourceTree = "<group>"; };
		DEABF34625717E440036EB73 /* MandelbulbSettings.swift */ = {isa = PBXFileReference; lastKnownFileType = sourcecode.swift; path = MandelbulbSettings.swift; sourceTree = "<group>"; };
		DEB9703625B4EC2E00386EEA /* NodeContainer.swift */ = {isa = PBXFileReference; lastKnownFileType = sourcecode.swift; path = NodeContainer.swift; sourceTree = "<group>"; };
		DEBE4E0E254235CE0060FED0 /* BufferTests.swift */ = {isa = PBXFileReference; lastKnownFileType = sourcecode.swift; path = BufferTests.swift; sourceTree = "<group>"; };
		DEC2BD4F24B2733200BFE671 /* matrixTransformations.swift */ = {isa = PBXFileReference; lastKnownFileType = sourcecode.swift; path = matrixTransformations.swift; sourceTree = "<group>"; };
		DEC450402659D46200F76B80 /* SideBarViews.swift */ = {isa = PBXFileReference; lastKnownFileType = sourcecode.swift; path = SideBarViews.swift; sourceTree = "<group>"; };
		DEC8CDD624ADFC9A00DB5701 /* Julia Set Renderer.app */ = {isa = PBXFileReference; explicitFileType = wrapper.application; includeInIndex = 0; path = "Julia Set Renderer.app"; sourceTree = BUILT_PRODUCTS_DIR; };
		DEC8CDD924ADFC9A00DB5701 /* AppDelegate.swift */ = {isa = PBXFileReference; lastKnownFileType = sourcecode.swift; path = AppDelegate.swift; sourceTree = "<group>"; };
		DEC8CDDB24ADFC9A00DB5701 /* ContentView.swift */ = {isa = PBXFileReference; lastKnownFileType = sourcecode.swift; path = ContentView.swift; sourceTree = "<group>"; };
		DEC8CDDE24ADFC9A00DB5701 /* Julia_Set_Renderer.xcdatamodel */ = {isa = PBXFileReference; lastKnownFileType = wrapper.xcdatamodel; path = Julia_Set_Renderer.xcdatamodel; sourceTree = "<group>"; };
		DEC8CDE024ADFC9E00DB5701 /* Assets.xcassets */ = {isa = PBXFileReference; lastKnownFileType = folder.assetcatalog; path = Assets.xcassets; sourceTree = "<group>"; };
		DEC8CDE324ADFC9E00DB5701 /* Preview Assets.xcassets */ = {isa = PBXFileReference; lastKnownFileType = folder.assetcatalog; path = "Preview Assets.xcassets"; sourceTree = "<group>"; };
		DEC8CDE624ADFC9E00DB5701 /* Base */ = {isa = PBXFileReference; lastKnownFileType = file.storyboard; name = Base; path = Base.lproj/Main.storyboard; sourceTree = "<group>"; };
		DEC8CDE824ADFC9E00DB5701 /* Info.plist */ = {isa = PBXFileReference; lastKnownFileType = text.plist.xml; path = Info.plist; sourceTree = "<group>"; };
		DEC8CDE924ADFC9E00DB5701 /* Julia_Set_Renderer.entitlements */ = {isa = PBXFileReference; lastKnownFileType = text.plist.entitlements; path = Julia_Set_Renderer.entitlements; sourceTree = "<group>"; };
		DEC8CDFB24AE1B8600DB5701 /* RenderWindowController.swift */ = {isa = PBXFileReference; lastKnownFileType = sourcecode.swift; path = RenderWindowController.swift; sourceTree = "<group>"; };
		DEC8CDFC24AE1B8600DB5701 /* RenderWindowController.xib */ = {isa = PBXFileReference; lastKnownFileType = file.xib; path = RenderWindowController.xib; sourceTree = "<group>"; };
		DEC91209259E2C74002158C9 /* NodeEditor.swift */ = {isa = PBXFileReference; lastKnownFileType = sourcecode.swift; path = NodeEditor.swift; sourceTree = "<group>"; };
		DEC9120F259E47D5002158C9 /* IONodes.swift */ = {isa = PBXFileReference; lastKnownFileType = sourcecode.swift; path = IONodes.swift; sourceTree = "<group>"; };
		DEC91213259E4871002158C9 /* MathNodes.swift */ = {isa = PBXFileReference; lastKnownFileType = sourcecode.swift; path = MathNodes.swift; sourceTree = "<group>"; };
		DEC9F58328D1E6D7009D7A40 /* city.png */ = {isa = PBXFileReference; lastKnownFileType = image.png; path = city.png; sourceTree = "<group>"; };
		DEC9F58528D1E6EE009D7A40 /* starship.png */ = {isa = PBXFileReference; lastKnownFileType = image.png; path = starship.png; sourceTree = "<group>"; };
		DEC9F58728D1E70F009D7A40 /* underwater.png */ = {isa = PBXFileReference; lastKnownFileType = image.png; path = underwater.png; sourceTree = "<group>"; };
		DED8F75C25C5F8B400ABFBCC /* ColorInput.swift */ = {isa = PBXFileReference; lastKnownFileType = sourcecode.swift; path = ColorInput.swift; sourceTree = "<group>"; };
		DED8F76025C631C900ABFBCC /* ColorNodes.swift */ = {isa = PBXFileReference; lastKnownFileType = sourcecode.swift; path = ColorNodes.swift; sourceTree = "<group>"; };
		DED9952A29D66DDC008A13C3 /* tree.jpg */ = {isa = PBXFileReference; lastKnownFileType = image.jpeg; path = tree.jpg; sourceTree = "<group>"; };
		DEDC34CB258CE66B009B47A0 /* Types.txt */ = {isa = PBXFileReference; explicitFileType = sourcecode.metal; path = Types.txt; sourceTree = "<group>"; };
		DEDC34CF258CE6A2009B47A0 /* MathContainer.txt */ = {isa = PBXFileReference; explicitFileType = sourcecode.metal; path = MathContainer.txt; sourceTree = "<group>"; };
		DEDC34D5258CE77B009B47A0 /* RayMarching.txt */ = {isa = PBXFileReference; explicitFileType = sourcecode.metal; path = RayMarching.txt; sourceTree = "<group>"; };
		DEEA5AA927404FF0001BD052 /* NodeSource.swift */ = {isa = PBXFileReference; lastKnownFileType = sourcecode.swift; path = NodeSource.swift; sourceTree = "<group>"; };
		DEEC532E2626127B001F7A76 /* ViewState.swift */ = {isa = PBXFileReference; lastKnownFileType = sourcecode.swift; path = ViewState.swift; sourceTree = "<group>"; };
		DEF0B2D225A007A9002BB7A1 /* NodePath.swift */ = {isa = PBXFileReference; lastKnownFileType = sourcecode.swift; path = NodePath.swift; sourceTree = "<group>"; };
		DEF9C68624EF1CFC00189F36 /* PatternSettings.swift */ = {isa = PBXFileReference; lastKnownFileType = sourcecode.swift; path = PatternSettings.swift; sourceTree = "<group>"; };
		DEF9F04425F98BA600D89043 /* Channels.txt */ = {isa = PBXFileReference; explicitFileType = text; path = Channels.txt; sourceTree = "<group>"; };
		DEF9F04A25F98C9600D89043 /* Math.txt */ = {isa = PBXFileReference; explicitFileType = text; path = Math.txt; sourceTree = "<group>"; };
		DEF9F05025F9952E00D89043 /* Camera.txt */ = {isa = PBXFileReference; explicitFileType = text; path = Camera.txt; sourceTree = "<group>"; };
		DEF9F05625F9BCC100D89043 /* Material.txt */ = {isa = PBXFileReference; explicitFileType = text; path = Material.txt; sourceTree = "<group>"; };
		DEF9F05A25F9BD9700D89043 /* Settings.txt */ = {isa = PBXFileReference; explicitFileType = text; path = Settings.txt; sourceTree = "<group>"; };
		DEF9F06125F9BEAF00D89043 /* NodeFunctions.txt */ = {isa = PBXFileReference; explicitFileType = text; path = NodeFunctions.txt; sourceTree = "<group>"; };
		DEF9F07125F9BFE000D89043 /* ResultInfo.txt */ = {isa = PBXFileReference; explicitFileType = text; path = ResultInfo.txt; sourceTree = "<group>"; };
		DEF9F07725F9C06F00D89043 /* DE.txt */ = {isa = PBXFileReference; explicitFileType = text; path = DE.txt; sourceTree = "<group>"; };
		DEF9F07B25F9C14700D89043 /* Voxel.txt */ = {isa = PBXFileReference; explicitFileType = text; path = Voxel.txt; sourceTree = "<group>"; };
		DEF9F07F25F9C20B00D89043 /* VoxelMath.txt */ = {isa = PBXFileReference; explicitFileType = text; path = VoxelMath.txt; sourceTree = "<group>"; };
		DEF9F08725F9C2D800D89043 /* RayMarcher.txt */ = {isa = PBXFileReference; explicitFileType = text; path = RayMarcher.txt; sourceTree = "<group>"; };
		DEF9F08D25FA928D00D89043 /* Shaders.txt */ = {isa = PBXFileReference; explicitFileType = text; path = Shaders.txt; sourceTree = "<group>"; };
/* End PBXFileReference section */

/* Begin PBXFrameworksBuildPhase section */
		DE05617C24EDDB610058925E /* Frameworks */ = {
			isa = PBXFrameworksBuildPhase;
			buildActionMask = 2147483647;
			files = (
			);
			runOnlyForDeploymentPostprocessing = 0;
		};
		DEC8CDD324ADFC9A00DB5701 /* Frameworks */ = {
			isa = PBXFrameworksBuildPhase;
			buildActionMask = 2147483647;
			files = (
			);
			runOnlyForDeploymentPostprocessing = 0;
		};
/* End PBXFrameworksBuildPhase section */

/* Begin PBXGroup section */
		DE05618024EDDB610058925E /* Julia Set RendererTests */ = {
			isa = PBXGroup;
			children = (
				DE05618124EDDB610058925E /* Julia_Set_RendererTests.swift */,
				DEBE4E0E254235CE0060FED0 /* BufferTests.swift */,
				DE05618324EDDB610058925E /* Info.plist */,
			);
			path = "Julia Set RendererTests";
			sourceTree = "<group>";
		};
		DE05618924EDDD190058925E /* Types */ = {
			isa = PBXGroup;
			children = (
				DE85F0A5259CEA3800FF475F /* Nodes */,
				DE9EF7FD259555AF007F2BA3 /* SwiftVoxel */,
				DE627E80259290A700B2DA8F /* Settings */,
				DE05617724EDD2BB0058925E /* ComplexNumbers.swift */,
				DEC2BD4F24B2733200BFE671 /* matrixTransformations.swift */,
				DE8237DE24AE8234000FA948 /* Other.swift */,
				DE5C04BC257877E100F5DDCD /* SwiftRayMarcher.swift */,
				DE68A69A259D6F0900D66457 /* ColorExtensions.swift */,
				DE942D2C25F968BA00CAF9CA /* Camera.swift */,
			);
			path = Types;
			sourceTree = "<group>";
		};
		DE304FC724DB567600125844 /* UI */ = {
			isa = PBXGroup;
			children = (
				DE9DDE71275E421000655258 /* NumberInput.swift */,
				DE85F09C259CDE9A00FF475F /* Nodes */,
				DEC8CDDB24ADFC9A00DB5701 /* ContentView.swift */,
				DE8F06E524DB65E1004D2687 /* RenderBox.swift */,
				DE8F06E724DB6E6E004D2687 /* CameraSettings.swift */,
				DEF9C68624EF1CFC00189F36 /* PatternSettings.swift */,
				DE85F096259CDDE300FF475F /* MaterialSettings.swift */,
				DE167C43256B49CC009C37D8 /* SkyBoxSettings.swift */,
				DE62BD392579C3F300E67351 /* ChannelSettings.swift */,
				DEABF34625717E440036EB73 /* MandelbulbSettings.swift */,
				DE167C47256B4A52009C37D8 /* LightPicker.swift */,
				DE45D76F256CB1AB0040FFA5 /* ColorPickerPro.swift */,
				DE62BD352579C26D00E67351 /* ChannelPicker.swift */,
				DE56BE52258EE46B00F4007D /* Tuple3FloatInput.swift */,
				DED8F75C25C5F8B400ABFBCC /* ColorInput.swift */,
				DE91B8DF2630C9990096A099 /* DESettings.swift */,
			);
			path = UI;
			sourceTree = "<group>";
		};
		DE304FC824DB56A600125844 /* Randering */ = {
			isa = PBXGroup;
			children = (
				DE528A572626761600F88EC3 /* Graphics.swift */,
				DEA0347625C10D4200FA5B23 /* LibraryManager.swift */,
				DE8237D824AE20BF000FA948 /* Renderer.swift */,
				DE263C6F26277DA700CA346C /* RenderPassManager.swift */,
				DE4B1013258B830B00868327 /* Shaders */,
			);
			path = Randering;
			sourceTree = "<group>";
		};
		DE4B1013258B830B00868327 /* Shaders */ = {
			isa = PBXGroup;
			children = (
				DEF9F06025F9BE4900D89043 /* Old */,
				DE942D5A25F986D500CAF9CA /* Types */,
				DEF9F04A25F98C9600D89043 /* Math.txt */,
				DEF9F06125F9BEAF00D89043 /* NodeFunctions.txt */,
				DEF9F07725F9C06F00D89043 /* DE.txt */,
				DE91B8F32631133B0096A099 /* MainDE.txt */,
				DEF9F07F25F9C20B00D89043 /* VoxelMath.txt */,
				DEF9F08725F9C2D800D89043 /* RayMarcher.txt */,
				DEF9F08D25FA928D00D89043 /* Shaders.txt */,
			);
			path = Shaders;
			sourceTree = "<group>";
		};
		DE627E80259290A700B2DA8F /* Settings */ = {
			isa = PBXGroup;
			children = (
				DE62BD312579B6A900E67351 /* ChannelInfo.swift */,
				DE62BD2D2579B68F00E67351 /* LightInfo.swift */,
				DE5C04B425784DD700F5DDCD /* ShaderInfo.swift */,
				DE62BD272579B66A00E67351 /* RayMarchingSettings.swift */,
				DE627E83259290E600B2DA8F /* JuliaSetSettings.swift */,
			);
			path = Settings;
			sourceTree = "<group>";
		};
		DE85F09C259CDE9A00FF475F /* Nodes */ = {
			isa = PBXGroup;
			children = (
				DE85F09D259CDEB600FF475F /* NodeView.swift */,
				DE3922572644DEBF00D38B03 /* IterateNodeView.swift */,
				DE68A6A2259D843A00D66457 /* NodeMenuItem.swift */,
				DEC91209259E2C74002158C9 /* NodeEditor.swift */,
				DE68A69E259D7D2800D66457 /* NodeCanvas.swift */,
				DE8B5C4E25A022F40092BAC5 /* NodePathView.swift */,
				DEC450402659D46200F76B80 /* SideBarViews.swift */,
			);
			path = Nodes;
			sourceTree = "<group>";
		};
		DE85F0A5259CEA3800FF475F /* Nodes */ = {
			isa = PBXGroup;
			children = (
				DEB9703625B4EC2E00386EEA /* NodeContainer.swift */,
				DE14D83525E715E600E443DB /* NodeCompiler.swift */,
				DE85F0A6259CEA5600FF475F /* NodeValue.swift */,
				DE85F0AC259CED8700FF475F /* Node.swift */,
				DEC9120F259E47D5002158C9 /* IONodes.swift */,
				DEC91213259E4871002158C9 /* MathNodes.swift */,
				DE9C2A5B25C3B22E00D932A6 /* VectorNodes.swift */,
				DE9C2A6325C4B39300D932A6 /* TextureNodes.swift */,
				DED8F76025C631C900ABFBCC /* ColorNodes.swift */,
				DE8178E3262F753500999A56 /* FlowNodes.swift */,
				DE91B8E3263107DF0096A099 /* DENodes.swift */,
				DEF0B2D225A007A9002BB7A1 /* NodePath.swift */,
				DEEA5AA927404FF0001BD052 /* NodeSource.swift */,
			);
			path = Nodes;
			sourceTree = "<group>";
		};
		DE942D5A25F986D500CAF9CA /* Types */ = {
			isa = PBXGroup;
			children = (
				DE942D5D25F9874000CAF9CA /* Ray.txt */,
				DEF9F04425F98BA600D89043 /* Channels.txt */,
				DEF9F05025F9952E00D89043 /* Camera.txt */,
				DEF9F05625F9BCC100D89043 /* Material.txt */,
				DEF9F05A25F9BD9700D89043 /* Settings.txt */,
				DEF9F07125F9BFE000D89043 /* ResultInfo.txt */,
				DEF9F07B25F9C14700D89043 /* Voxel.txt */,
				DE91B8EF26310F7B0096A099 /* RayMarchInfo.txt */,
				DE9B7254266715BF00290677 /* SkyBoxLight.txt */,
			);
			path = Types;
			sourceTree = "<group>";
		};
		DE9E7E8426116B3200E3CC05 /* Input */ = {
			isa = PBXGroup;
			children = (
				DE1E40A624CB7FC5003B198F /* Keys.swift */,
			);
			path = Input;
			sourceTree = "<group>";
		};
		DE9E7E8B26116CD600E3CC05 /* File */ = {
			isa = PBXGroup;
			children = (
				DE4523D12613917300125AE6 /* Document.swift */,
				DE778478261408C000DA1E5F /* Content.swift */,
				DEEC532E2626127B001F7A76 /* ViewState.swift */,
			);
			path = File;
			sourceTree = "<group>";
		};
		DE9EF7FD259555AF007F2BA3 /* SwiftVoxel */ = {
			isa = PBXGroup;
			children = (
				DE9EF80625955614007F2BA3 /* VoxelContainer.swift */,
				DEAA8BC824FD12BE0080221B /* Thread.swift */,
				DE9EF80C25955D93007F2BA3 /* ThreadInternal.swift */,
				DE9EF7FE259555BF007F2BA3 /* Voxel.swift */,
			);
			path = SwiftVoxel;
			sourceTree = "<group>";
		};
		DEC8CDCD24ADFC9900DB5701 = {
			isa = PBXGroup;
			children = (
				DEC8CDD824ADFC9A00DB5701 /* Julia Set Renderer */,
				DE05618024EDDB610058925E /* Julia Set RendererTests */,
				DEC8CDD724ADFC9A00DB5701 /* Products */,
			);
			sourceTree = "<group>";
		};
		DEC8CDD724ADFC9A00DB5701 /* Products */ = {
			isa = PBXGroup;
			children = (
				DEC8CDD624ADFC9A00DB5701 /* Julia Set Renderer.app */,
				DE05617F24EDDB610058925E /* Julia Set RendererTests.xctest */,
			);
			name = Products;
			sourceTree = "<group>";
		};
		DEC8CDD824ADFC9A00DB5701 /* Julia Set Renderer */ = {
			isa = PBXGroup;
			children = (
				DEC8CDD924ADFC9A00DB5701 /* AppDelegate.swift */,
				DE9E7E8B26116CD600E3CC05 /* File */,
				DE9E7E8426116B3200E3CC05 /* Input */,
				DE8237D624AE2023000FA948 /* RenderView.swift */,
				DEC8CDFB24AE1B8600DB5701 /* RenderWindowController.swift */,
				DE304FC824DB56A600125844 /* Randering */,
				DE05618924EDDD190058925E /* Types */,
				DE304FC724DB567600125844 /* UI */,
				DEC8CDE024ADFC9E00DB5701 /* Assets.xcassets */,
				DEA8931824AFBDE9008F5D78 /* sun.png */,
				DEC8CDE524ADFC9E00DB5701 /* Main.storyboard */,
				DEC8CDFC24AE1B8600DB5701 /* RenderWindowController.xib */,
				DEC8CDE824ADFC9E00DB5701 /* Info.plist */,
				DEC8CDE924ADFC9E00DB5701 /* Julia_Set_Renderer.entitlements */,
				DEC8CDDD24ADFC9A00DB5701 /* Julia_Set_Renderer.xcdatamodeld */,
				DE5C743626387803002196CC /* box.mbulb */,
				DEC8CDE224ADFC9E00DB5701 /* Preview Content */,
			);
			path = "Julia Set Renderer";
			sourceTree = "<group>";
		};
		DEC8CDE224ADFC9E00DB5701 /* Preview Content */ = {
			isa = PBXGroup;
			children = (
				DEC8CDE324ADFC9E00DB5701 /* Preview Assets.xcassets */,
				DEC9F58728D1E70F009D7A40 /* underwater.png */,
				DEC9F58328D1E6D7009D7A40 /* city.png */,
				DEC9F58528D1E6EE009D7A40 /* starship.png */,
				DED9952A29D66DDC008A13C3 /* tree.jpg */,
			);
			path = "Preview Content";
			sourceTree = "<group>";
		};
		DEF9F06025F9BE4900D89043 /* Old */ = {
			isa = PBXGroup;
			children = (
				DEDC34CB258CE66B009B47A0 /* Types.txt */,
				DEDC34CF258CE6A2009B47A0 /* MathContainer.txt */,
				DEDC34D5258CE77B009B47A0 /* RayMarching.txt */,
				DEA8931A24B20EB3008F5D78 /* Rendering.txt */,
				DE8237DC24AE221B000FA948 /* OldShaders.txt */,
			);
			path = Old;
			sourceTree = "<group>";
		};
/* End PBXGroup section */

/* Begin PBXNativeTarget section */
		DE05617E24EDDB610058925E /* Julia Set RendererTests */ = {
			isa = PBXNativeTarget;
			buildConfigurationList = DE05618624EDDB610058925E /* Build configuration list for PBXNativeTarget "Julia Set RendererTests" */;
			buildPhases = (
				DE05617B24EDDB610058925E /* Sources */,
				DE05617C24EDDB610058925E /* Frameworks */,
				DE05617D24EDDB610058925E /* Resources */,
			);
			buildRules = (
			);
			dependencies = (
				DE05618524EDDB610058925E /* PBXTargetDependency */,
			);
			name = "Julia Set RendererTests";
			productName = "Julia Set RendererTests";
			productReference = DE05617F24EDDB610058925E /* Julia Set RendererTests.xctest */;
			productType = "com.apple.product-type.bundle.unit-test";
		};
		DEC8CDD524ADFC9A00DB5701 /* Julia Set Renderer */ = {
			isa = PBXNativeTarget;
			buildConfigurationList = DEC8CDEC24ADFC9E00DB5701 /* Build configuration list for PBXNativeTarget "Julia Set Renderer" */;
			buildPhases = (
				DEC8CDD224ADFC9A00DB5701 /* Sources */,
				DEC8CDD324ADFC9A00DB5701 /* Frameworks */,
				DEC8CDD424ADFC9A00DB5701 /* Resources */,
			);
			buildRules = (
			);
			dependencies = (
			);
			name = "Julia Set Renderer";
			packageProductDependencies = (
			);
			productName = "Julia Set Renderer";
			productReference = DEC8CDD624ADFC9A00DB5701 /* Julia Set Renderer.app */;
			productType = "com.apple.product-type.application";
		};
/* End PBXNativeTarget section */

/* Begin PBXProject section */
		DEC8CDCE24ADFC9900DB5701 /* Project object */ = {
			isa = PBXProject;
			attributes = {
				LastSwiftUpdateCheck = 1160;
				LastUpgradeCheck = 1410;
				ORGANIZATIONNAME = "Hezekiah Dombach";
				TargetAttributes = {
					DE05617E24EDDB610058925E = {
						CreatedOnToolsVersion = 11.6;
						TestTargetID = DEC8CDD524ADFC9A00DB5701;
					};
					DEC8CDD524ADFC9A00DB5701 = {
						CreatedOnToolsVersion = 11.5;
						LastSwiftMigration = 1150;
					};
				};
			};
			buildConfigurationList = DEC8CDD124ADFC9900DB5701 /* Build configuration list for PBXProject "Julia Set Renderer" */;
			compatibilityVersion = "Xcode 14.0";
			developmentRegion = en;
			hasScannedForEncodings = 0;
			knownRegions = (
				en,
				Base,
			);
			mainGroup = DEC8CDCD24ADFC9900DB5701;
			packageReferences = (
			);
			productRefGroup = DEC8CDD724ADFC9A00DB5701 /* Products */;
			projectDirPath = "";
			projectRoot = "";
			targets = (
				DEC8CDD524ADFC9A00DB5701 /* Julia Set Renderer */,
				DE05617E24EDDB610058925E /* Julia Set RendererTests */,
			);
		};
/* End PBXProject section */

/* Begin PBXResourcesBuildPhase section */
		DE05617D24EDDB610058925E /* Resources */ = {
			isa = PBXResourcesBuildPhase;
			buildActionMask = 2147483647;
			files = (
			);
			runOnlyForDeploymentPostprocessing = 0;
		};
		DEC8CDD424ADFC9A00DB5701 /* Resources */ = {
			isa = PBXResourcesBuildPhase;
			buildActionMask = 2147483647;
			files = (
				DEF9F0AF25FA94C600D89043 /* Ray.txt in Resources */,
				DEF9F0B025FA94C600D89043 /* Channels.txt in Resources */,
				DEC9F58828D1E70F009D7A40 /* underwater.png in Resources */,
				DEF9F0B125FA94C600D89043 /* Camera.txt in Resources */,
				DEF9F0B225FA94C600D89043 /* Material.txt in Resources */,
				DEF9F0B325FA94C600D89043 /* Settings.txt in Resources */,
				DEF9F0B425FA94C600D89043 /* ResultInfo.txt in Resources */,
				DEF9F0B525FA94C600D89043 /* Voxel.txt in Resources */,
				DEF9F0B625FA94C600D89043 /* Math.txt in Resources */,
				DEF9F0B725FA94C600D89043 /* NodeFunctions.txt in Resources */,
				DEF9F0B825FA94C600D89043 /* DE.txt in Resources */,
				DE91B8F42631133B0096A099 /* MainDE.txt in Resources */,
				DEC9F58628D1E6EE009D7A40 /* starship.png in Resources */,
				DEF9F0B925FA94C600D89043 /* VoxelMath.txt in Resources */,
				DEF9F0BA25FA94C600D89043 /* RayMarcher.txt in Resources */,
				DE91B8F026310F7B0096A099 /* RayMarchInfo.txt in Resources */,
				DEF9F0BB25FA94C600D89043 /* Shaders.txt in Resources */,
				DEC8CDE724ADFC9E00DB5701 /* Main.storyboard in Resources */,
				DEC8CDE424ADFC9E00DB5701 /* Preview Assets.xcassets in Resources */,
				DE5C743726387803002196CC /* box.mbulb in Resources */,
				DEA8931924AFBDE9008F5D78 /* sun.png in Resources */,
				DEC8CDE124ADFC9E00DB5701 /* Assets.xcassets in Resources */,
				DEC8CDFE24AE1B8600DB5701 /* RenderWindowController.xib in Resources */,
				DEC9F58428D1E6D7009D7A40 /* city.png in Resources */,
				DED9952B29D66DDC008A13C3 /* tree.jpg in Resources */,
				DE9B7255266715BF00290677 /* SkyBoxLight.txt in Resources */,
			);
			runOnlyForDeploymentPostprocessing = 0;
		};
/* End PBXResourcesBuildPhase section */

/* Begin PBXSourcesBuildPhase section */
		DE05617B24EDDB610058925E /* Sources */ = {
			isa = PBXSourcesBuildPhase;
			buildActionMask = 2147483647;
			files = (
				DE05618224EDDB610058925E /* Julia_Set_RendererTests.swift in Sources */,
				DEBE4E0F254235CE0060FED0 /* BufferTests.swift in Sources */,
			);
			runOnlyForDeploymentPostprocessing = 0;
		};
		DEC8CDD224ADFC9A00DB5701 /* Sources */ = {
			isa = PBXSourcesBuildPhase;
			buildActionMask = 2147483647;
			files = (
				DE56BE53258EE46B00F4007D /* Tuple3FloatInput.swift in Sources */,
				DE5C04B525784DD700F5DDCD /* ShaderInfo.swift in Sources */,
				DE9EF7FF259555BF007F2BA3 /* Voxel.swift in Sources */,
				DE85F0AD259CED8700FF475F /* Node.swift in Sources */,
				DEF0B2D325A007A9002BB7A1 /* NodePath.swift in Sources */,
				DE14D83625E715E600E443DB /* NodeCompiler.swift in Sources */,
				DE9EF80D25955D93007F2BA3 /* ThreadInternal.swift in Sources */,
				DE1E40A724CB7FC5003B198F /* Keys.swift in Sources */,
				DED8F75D25C5F8B400ABFBCC /* ColorInput.swift in Sources */,
				DEC9120A259E2C74002158C9 /* NodeEditor.swift in Sources */,
				DE627E84259290E600B2DA8F /* JuliaSetSettings.swift in Sources */,
				DE9C2A5C25C3B22E00D932A6 /* VectorNodes.swift in Sources */,
				DEC8CDDF24ADFC9A00DB5701 /* Julia_Set_Renderer.xcdatamodeld in Sources */,
				DEC8CDDC24ADFC9A00DB5701 /* ContentView.swift in Sources */,
				DEC8CDDA24ADFC9A00DB5701 /* AppDelegate.swift in Sources */,
				DE4523D22613917300125AE6 /* Document.swift in Sources */,
				DE8B5C4F25A022F40092BAC5 /* NodePathView.swift in Sources */,
				DE8237D724AE2023000FA948 /* RenderView.swift in Sources */,
				DEA0347725C10D4200FA5B23 /* LibraryManager.swift in Sources */,
				DEF9C68724EF1CFC00189F36 /* PatternSettings.swift in Sources */,
				DE778479261408C000DA1E5F /* Content.swift in Sources */,
				DE528A582626761600F88EC3 /* Graphics.swift in Sources */,
				DEEC532F2626127B001F7A76 /* ViewState.swift in Sources */,
				DE62BD362579C26D00E67351 /* ChannelPicker.swift in Sources */,
				DE85F0A7259CEA5600FF475F /* NodeValue.swift in Sources */,
				DE9DDE72275E421000655258 /* NumberInput.swift in Sources */,
				DE3922582644DEBF00D38B03 /* IterateNodeView.swift in Sources */,
				DED8F76125C631C900ABFBCC /* ColorNodes.swift in Sources */,
				DEEA5AAA27404FF0001BD052 /* NodeSource.swift in Sources */,
				DE8237D924AE20BF000FA948 /* Renderer.swift in Sources */,
				DE62BD2E2579B68F00E67351 /* LightInfo.swift in Sources */,
				DE91B8E02630C9990096A099 /* DESettings.swift in Sources */,
				DE68A69F259D7D2800D66457 /* NodeCanvas.swift in Sources */,
				DE9EF80725955614007F2BA3 /* VoxelContainer.swift in Sources */,
				DE45D770256CB1AB0040FFA5 /* ColorPickerPro.swift in Sources */,
				DE8178E4262F753500999A56 /* FlowNodes.swift in Sources */,
				DE8F06E624DB65E1004D2687 /* RenderBox.swift in Sources */,
				DE91B8E4263107DF0096A099 /* DENodes.swift in Sources */,
				DE05617824EDD2BB0058925E /* ComplexNumbers.swift in Sources */,
				DE8F06E824DB6E6E004D2687 /* CameraSettings.swift in Sources */,
				DE8237DF24AE8234000FA948 /* Other.swift in Sources */,
				DE68A6A3259D843A00D66457 /* NodeMenuItem.swift in Sources */,
				DE62BD282579B66A00E67351 /* RayMarchingSettings.swift in Sources */,
				DE85F097259CDDE300FF475F /* MaterialSettings.swift in Sources */,
				DE167C44256B49CC009C37D8 /* SkyBoxSettings.swift in Sources */,
				DEC91214259E4871002158C9 /* MathNodes.swift in Sources */,
				DE85F09E259CDEB600FF475F /* NodeView.swift in Sources */,
				DE62BD3A2579C3F300E67351 /* ChannelSettings.swift in Sources */,
				DE9C2A6425C4B39300D932A6 /* TextureNodes.swift in Sources */,
				DE167C48256B4A52009C37D8 /* LightPicker.swift in Sources */,
				DEABF34725717E440036EB73 /* MandelbulbSettings.swift in Sources */,
				DE263C7026277DA700CA346C /* RenderPassManager.swift in Sources */,
				DEB9703725B4EC2E00386EEA /* NodeContainer.swift in Sources */,
				DEC450412659D46200F76B80 /* SideBarViews.swift in Sources */,
				DE62BD322579B6A900E67351 /* ChannelInfo.swift in Sources */,
				DEC91210259E47D5002158C9 /* IONodes.swift in Sources */,
				DE5C04BD257877E100F5DDCD /* SwiftRayMarcher.swift in Sources */,
				DEC2BD5024B2733200BFE671 /* matrixTransformations.swift in Sources */,
				DEC8CDFD24AE1B8600DB5701 /* RenderWindowController.swift in Sources */,
				DE68A69B259D6F0900D66457 /* ColorExtensions.swift in Sources */,
				DE942D2D25F968BA00CAF9CA /* Camera.swift in Sources */,
				DEAA8BC924FD12BE0080221B /* Thread.swift in Sources */,
			);
			runOnlyForDeploymentPostprocessing = 0;
		};
/* End PBXSourcesBuildPhase section */

/* Begin PBXTargetDependency section */
		DE05618524EDDB610058925E /* PBXTargetDependency */ = {
			isa = PBXTargetDependency;
			target = DEC8CDD524ADFC9A00DB5701 /* Julia Set Renderer */;
			targetProxy = DE05618424EDDB610058925E /* PBXContainerItemProxy */;
		};
/* End PBXTargetDependency section */

/* Begin PBXVariantGroup section */
		DEC8CDE524ADFC9E00DB5701 /* Main.storyboard */ = {
			isa = PBXVariantGroup;
			children = (
				DEC8CDE624ADFC9E00DB5701 /* Base */,
			);
			name = Main.storyboard;
			sourceTree = "<group>";
		};
/* End PBXVariantGroup section */

/* Begin XCBuildConfiguration section */
		DE05618724EDDB610058925E /* Debug */ = {
			isa = XCBuildConfiguration;
			buildSettings = {
				BUNDLE_LOADER = "$(TEST_HOST)";
				CODE_SIGN_STYLE = Automatic;
				COMBINE_HIDPI_IMAGES = YES;
				DEAD_CODE_STRIPPING = YES;
				DEVELOPMENT_TEAM = 3RP2D92J6D;
				INFOPLIST_FILE = "Julia Set RendererTests/Info.plist";
				LD_RUNPATH_SEARCH_PATHS = (
					"$(inherited)",
					"@executable_path/../Frameworks",
					"@loader_path/../Frameworks",
				);
				PRODUCT_BUNDLE_IDENTIFIER = "hezekiahdombach.Julia-Set-RendererTests";
				PRODUCT_NAME = "$(TARGET_NAME)";
				SWIFT_VERSION = 5.0;
				TEST_HOST = "$(BUILT_PRODUCTS_DIR)/Julia Set Renderer.app/Contents/MacOS/Julia Set Renderer";
			};
			name = Debug;
		};
		DE05618824EDDB610058925E /* Release */ = {
			isa = XCBuildConfiguration;
			buildSettings = {
				BUNDLE_LOADER = "$(TEST_HOST)";
				CODE_SIGN_STYLE = Automatic;
				COMBINE_HIDPI_IMAGES = YES;
				DEAD_CODE_STRIPPING = YES;
				DEVELOPMENT_TEAM = 3RP2D92J6D;
				INFOPLIST_FILE = "Julia Set RendererTests/Info.plist";
				LD_RUNPATH_SEARCH_PATHS = (
					"$(inherited)",
					"@executable_path/../Frameworks",
					"@loader_path/../Frameworks",
				);
				PRODUCT_BUNDLE_IDENTIFIER = "hezekiahdombach.Julia-Set-RendererTests";
				PRODUCT_NAME = "$(TARGET_NAME)";
				SWIFT_VERSION = 5.0;
				TEST_HOST = "$(BUILT_PRODUCTS_DIR)/Julia Set Renderer.app/Contents/MacOS/Julia Set Renderer";
			};
			name = Release;
		};
		DEC8CDEA24ADFC9E00DB5701 /* Debug */ = {
			isa = XCBuildConfiguration;
			buildSettings = {
				ALWAYS_SEARCH_USER_PATHS = NO;
				CLANG_ANALYZER_NONNULL = YES;
				CLANG_ANALYZER_NUMBER_OBJECT_CONVERSION = YES_AGGRESSIVE;
				CLANG_CXX_LANGUAGE_STANDARD = "gnu++14";
				CLANG_CXX_LIBRARY = "libc++";
				CLANG_ENABLE_MODULES = YES;
				CLANG_ENABLE_OBJC_ARC = YES;
				CLANG_ENABLE_OBJC_WEAK = YES;
				CLANG_WARN_BLOCK_CAPTURE_AUTORELEASING = YES;
				CLANG_WARN_BOOL_CONVERSION = YES;
				CLANG_WARN_COMMA = YES;
				CLANG_WARN_CONSTANT_CONVERSION = YES;
				CLANG_WARN_DEPRECATED_OBJC_IMPLEMENTATIONS = YES;
				CLANG_WARN_DIRECT_OBJC_ISA_USAGE = YES_ERROR;
				CLANG_WARN_DOCUMENTATION_COMMENTS = YES;
				CLANG_WARN_EMPTY_BODY = YES;
				CLANG_WARN_ENUM_CONVERSION = YES;
				CLANG_WARN_INFINITE_RECURSION = YES;
				CLANG_WARN_INT_CONVERSION = YES;
				CLANG_WARN_NON_LITERAL_NULL_CONVERSION = YES;
				CLANG_WARN_OBJC_IMPLICIT_RETAIN_SELF = YES;
				CLANG_WARN_OBJC_LITERAL_CONVERSION = YES;
				CLANG_WARN_OBJC_ROOT_CLASS = YES_ERROR;
				CLANG_WARN_QUOTED_INCLUDE_IN_FRAMEWORK_HEADER = YES;
				CLANG_WARN_RANGE_LOOP_ANALYSIS = YES;
				CLANG_WARN_STRICT_PROTOTYPES = YES;
				CLANG_WARN_SUSPICIOUS_MOVE = YES;
				CLANG_WARN_UNGUARDED_AVAILABILITY = YES_AGGRESSIVE;
				CLANG_WARN_UNREACHABLE_CODE = YES;
				CLANG_WARN__DUPLICATE_METHOD_MATCH = YES;
				COPY_PHASE_STRIP = NO;
				DEAD_CODE_STRIPPING = YES;
				DEBUG_INFORMATION_FORMAT = dwarf;
				ENABLE_STRICT_OBJC_MSGSEND = YES;
				ENABLE_TESTABILITY = YES;
				GCC_C_LANGUAGE_STANDARD = gnu11;
				GCC_DYNAMIC_NO_PIC = NO;
				GCC_NO_COMMON_BLOCKS = YES;
				GCC_OPTIMIZATION_LEVEL = 0;
				GCC_PREPROCESSOR_DEFINITIONS = (
					"DEBUG=1",
					"$(inherited)",
				);
				GCC_WARN_64_TO_32_BIT_CONVERSION = YES;
				GCC_WARN_ABOUT_RETURN_TYPE = YES_ERROR;
				GCC_WARN_UNDECLARED_SELECTOR = YES;
				GCC_WARN_UNINITIALIZED_AUTOS = YES_AGGRESSIVE;
				GCC_WARN_UNUSED_FUNCTION = YES;
				GCC_WARN_UNUSED_VARIABLE = YES;
				MACOSX_DEPLOYMENT_TARGET = 12.0;
				MTL_ENABLE_DEBUG_INFO = INCLUDE_SOURCE;
				MTL_FAST_MATH = YES;
				ONLY_ACTIVE_ARCH = YES;
				SDKROOT = macosx;
				SWIFT_ACTIVE_COMPILATION_CONDITIONS = DEBUG;
				SWIFT_OPTIMIZATION_LEVEL = "-Onone";
			};
			name = Debug;
		};
		DEC8CDEB24ADFC9E00DB5701 /* Release */ = {
			isa = XCBuildConfiguration;
			buildSettings = {
				ALWAYS_SEARCH_USER_PATHS = NO;
				CLANG_ANALYZER_NONNULL = YES;
				CLANG_ANALYZER_NUMBER_OBJECT_CONVERSION = YES_AGGRESSIVE;
				CLANG_CXX_LANGUAGE_STANDARD = "gnu++14";
				CLANG_CXX_LIBRARY = "libc++";
				CLANG_ENABLE_MODULES = YES;
				CLANG_ENABLE_OBJC_ARC = YES;
				CLANG_ENABLE_OBJC_WEAK = YES;
				CLANG_WARN_BLOCK_CAPTURE_AUTORELEASING = YES;
				CLANG_WARN_BOOL_CONVERSION = YES;
				CLANG_WARN_COMMA = YES;
				CLANG_WARN_CONSTANT_CONVERSION = YES;
				CLANG_WARN_DEPRECATED_OBJC_IMPLEMENTATIONS = YES;
				CLANG_WARN_DIRECT_OBJC_ISA_USAGE = YES_ERROR;
				CLANG_WARN_DOCUMENTATION_COMMENTS = YES;
				CLANG_WARN_EMPTY_BODY = YES;
				CLANG_WARN_ENUM_CONVERSION = YES;
				CLANG_WARN_INFINITE_RECURSION = YES;
				CLANG_WARN_INT_CONVERSION = YES;
				CLANG_WARN_NON_LITERAL_NULL_CONVERSION = YES;
				CLANG_WARN_OBJC_IMPLICIT_RETAIN_SELF = YES;
				CLANG_WARN_OBJC_LITERAL_CONVERSION = YES;
				CLANG_WARN_OBJC_ROOT_CLASS = YES_ERROR;
				CLANG_WARN_QUOTED_INCLUDE_IN_FRAMEWORK_HEADER = YES;
				CLANG_WARN_RANGE_LOOP_ANALYSIS = YES;
				CLANG_WARN_STRICT_PROTOTYPES = YES;
				CLANG_WARN_SUSPICIOUS_MOVE = YES;
				CLANG_WARN_UNGUARDED_AVAILABILITY = YES_AGGRESSIVE;
				CLANG_WARN_UNREACHABLE_CODE = YES;
				CLANG_WARN__DUPLICATE_METHOD_MATCH = YES;
				COPY_PHASE_STRIP = NO;
				DEAD_CODE_STRIPPING = YES;
				DEBUG_INFORMATION_FORMAT = "dwarf-with-dsym";
				ENABLE_NS_ASSERTIONS = NO;
				ENABLE_STRICT_OBJC_MSGSEND = YES;
				GCC_C_LANGUAGE_STANDARD = gnu11;
				GCC_NO_COMMON_BLOCKS = YES;
				GCC_WARN_64_TO_32_BIT_CONVERSION = YES;
				GCC_WARN_ABOUT_RETURN_TYPE = YES_ERROR;
				GCC_WARN_UNDECLARED_SELECTOR = YES;
				GCC_WARN_UNINITIALIZED_AUTOS = YES_AGGRESSIVE;
				GCC_WARN_UNUSED_FUNCTION = YES;
				GCC_WARN_UNUSED_VARIABLE = YES;
				MACOSX_DEPLOYMENT_TARGET = 12.0;
				MTL_ENABLE_DEBUG_INFO = NO;
				MTL_FAST_MATH = YES;
				SDKROOT = macosx;
				SWIFT_COMPILATION_MODE = wholemodule;
				SWIFT_OPTIMIZATION_LEVEL = "-O";
			};
			name = Release;
		};
		DEC8CDED24ADFC9E00DB5701 /* Debug */ = {
			isa = XCBuildConfiguration;
			buildSettings = {
				ASSETCATALOG_COMPILER_APPICON_NAME = AppIcon;
				CLANG_ENABLE_MODULES = YES;
				CODE_SIGN_ENTITLEMENTS = "Julia Set Renderer/Julia_Set_Renderer.entitlements";
				CODE_SIGN_IDENTITY = "Apple Development";
				"CODE_SIGN_IDENTITY[sdk=macosx*]" = "-";
				CODE_SIGN_STYLE = Automatic;
				COMBINE_HIDPI_IMAGES = YES;
				DEAD_CODE_STRIPPING = YES;
				DEVELOPMENT_ASSET_PATHS = "Julia\\ Set\\ Renderer/Preview\\ Content";
				DEVELOPMENT_TEAM = "";
				ENABLE_HARDENED_RUNTIME = YES;
				ENABLE_PREVIEWS = YES;
				INFOPLIST_FILE = "Julia Set Renderer/Info.plist";
				LD_RUNPATH_SEARCH_PATHS = (
					"$(inherited)",
					"@executable_path/../Frameworks",
				);
				MACOSX_DEPLOYMENT_TARGET = 13.1;
				MTLLINKER_FLAGS = "";
				PRODUCT_BUNDLE_IDENTIFIER = "hezekiahdombach.Julia-Set-Renderer";
				PRODUCT_NAME = "$(TARGET_NAME)";
				PROVISIONING_PROFILE_SPECIFIER = "";
				SWIFT_OBJC_BRIDGING_HEADER = "";
				SWIFT_OPTIMIZATION_LEVEL = "-Onone";
				SWIFT_VERSION = 5.0;
			};
			name = Debug;
		};
		DEC8CDEE24ADFC9E00DB5701 /* Release */ = {
			isa = XCBuildConfiguration;
			buildSettings = {
				ASSETCATALOG_COMPILER_APPICON_NAME = AppIcon;
				CLANG_ENABLE_MODULES = YES;
				CODE_SIGN_ENTITLEMENTS = "Julia Set Renderer/Julia_Set_Renderer.entitlements";
				CODE_SIGN_IDENTITY = "Apple Development";
				"CODE_SIGN_IDENTITY[sdk=macosx*]" = "-";
				CODE_SIGN_STYLE = Automatic;
				COMBINE_HIDPI_IMAGES = YES;
				DEAD_CODE_STRIPPING = YES;
				DEVELOPMENT_ASSET_PATHS = "Julia\\ Set\\ Renderer/Preview\\ Content";
				DEVELOPMENT_TEAM = "";
				ENABLE_HARDENED_RUNTIME = YES;
				ENABLE_PREVIEWS = YES;
				INFOPLIST_FILE = "Julia Set Renderer/Info.plist";
				LD_RUNPATH_SEARCH_PATHS = (
					"$(inherited)",
					"@executable_path/../Frameworks",
				);
				MACOSX_DEPLOYMENT_TARGET = 13.1;
				MTLLINKER_FLAGS = "";
				PRODUCT_BUNDLE_IDENTIFIER = "hezekiahdombach.Julia-Set-Renderer";
				PRODUCT_NAME = "$(TARGET_NAME)";
				PROVISIONING_PROFILE_SPECIFIER = "";
				SWIFT_OBJC_BRIDGING_HEADER = "";
				SWIFT_VERSION = 5.0;
			};
			name = Release;
		};
/* End XCBuildConfiguration section */

/* Begin XCConfigurationList section */
		DE05618624EDDB610058925E /* Build configuration list for PBXNativeTarget "Julia Set RendererTests" */ = {
			isa = XCConfigurationList;
			buildConfigurations = (
				DE05618724EDDB610058925E /* Debug */,
				DE05618824EDDB610058925E /* Release */,
			);
			defaultConfigurationIsVisible = 0;
			defaultConfigurationName = Release;
		};
		DEC8CDD124ADFC9900DB5701 /* Build configuration list for PBXProject "Julia Set Renderer" */ = {
			isa = XCConfigurationList;
			buildConfigurations = (
				DEC8CDEA24ADFC9E00DB5701 /* Debug */,
				DEC8CDEB24ADFC9E00DB5701 /* Release */,
			);
			defaultConfigurationIsVisible = 0;
			defaultConfigurationName = Release;
		};
		DEC8CDEC24ADFC9E00DB5701 /* Build configuration list for PBXNativeTarget "Julia Set Renderer" */ = {
			isa = XCConfigurationList;
			buildConfigurations = (
				DEC8CDED24ADFC9E00DB5701 /* Debug */,
				DEC8CDEE24ADFC9E00DB5701 /* Release */,
			);
			defaultConfigurationIsVisible = 0;
			defaultConfigurationName = Release;
		};
/* End XCConfigurationList section */

/* Begin XCVersionGroup section */
		DEC8CDDD24ADFC9A00DB5701 /* Julia_Set_Renderer.xcdatamodeld */ = {
			isa = XCVersionGroup;
			children = (
				DEC8CDDE24ADFC9A00DB5701 /* Julia_Set_Renderer.xcdatamodel */,
			);
			currentVersion = DEC8CDDE24ADFC9A00DB5701 /* Julia_Set_Renderer.xcdatamodel */;
			path = Julia_Set_Renderer.xcdatamodeld;
			sourceTree = "<group>";
			versionGroupType = wrapper.xcdatamodel;
		};
/* End XCVersionGroup section */
	};
	rootObject = DEC8CDCE24ADFC9900DB5701 /* Project object */;
}
